# THIS IS AN AUTOGENERATED FILE. DO NOT EDIT THIS FILE DIRECTLY.
# yarn lockfile v1


coffee-script@^1.10.0, coffee-script@^1.12.7:
  version "1.12.7"
  resolved "https://registry.yarnpkg.com/coffee-script/-/coffee-script-1.12.7.tgz#c05dae0cb79591d05b3070a8433a98c9a89ccc53"

commander@^2.18.0:
  version "2.18.0"
  resolved "https://registry.yarnpkg.com/commander/-/commander-2.18.0.tgz#2bf063ddee7c7891176981a2cc798e5754bc6970"

cson-parser@^1.3.4:
  version "1.3.5"
  resolved "https://registry.yarnpkg.com/cson-parser/-/cson-parser-1.3.5.tgz#7ec675e039145533bf2a6a856073f1599d9c2d24"
  dependencies:
    coffee-script "^1.10.0"

cson@^5.1.0:
  version "5.1.0"
  resolved "https://registry.yarnpkg.com/cson/-/cson-5.1.0.tgz#d62e236decb8b742859068918e9c03d578e00f89"
  dependencies:
    coffee-script "^1.12.7"
    cson-parser "^1.3.4"
    editions "^1.3.3"
    extract-opts "^3.3.1"
    requirefresh "^2.1.0"
    safefs "^4.1.0"

eachr@^3.2.0:
  version "3.2.0"
  resolved "https://registry.yarnpkg.com/eachr/-/eachr-3.2.0.tgz#2c35e43ea086516f7997cf80b7aa64d55a4a4484"
  dependencies:
    editions "^1.1.1"
    typechecker "^4.3.0"

editions@^1.1.1, editions@^1.3.3, editions@^1.3.4:
  version "1.3.4"
  resolved "https://registry.yarnpkg.com/editions/-/editions-1.3.4.tgz#3662cb592347c3168eb8e498a0ff73271d67f50b"

extract-opts@^3.3.1:
  version "3.3.1"
  resolved "https://registry.yarnpkg.com/extract-opts/-/extract-opts-3.3.1.tgz#5abbedc98c0d5202e3278727f9192d7e086c6be1"
  dependencies:
    eachr "^3.2.0"
    editions "^1.1.1"
    typechecker "^4.3.0"

graceful-fs@^4.1.4:
  version "4.1.11"
  resolved "https://registry.yarnpkg.com/graceful-fs/-/graceful-fs-4.1.11.tgz#0e8bdfe4d1ddb8854d64e04ea7c00e2a026e5658"

readline-sync@^1.4.9:
  version "1.4.9"
  resolved "https://registry.yarnpkg.com/readline-sync/-/readline-sync-1.4.9.tgz#3eda8e65f23cd2a17e61301b1f0003396af5ecda"

requirefresh@^2.1.0:
  version "2.1.0"
  resolved "https://registry.yarnpkg.com/requirefresh/-/requirefresh-2.1.0.tgz#742dccc20f3a96918d66c6f1597dc8ffebc4f6f5"
  dependencies:
    editions "^1.1.1"

safefs@^4.1.0:
  version "4.1.0"
  resolved "https://registry.yarnpkg.com/safefs/-/safefs-4.1.0.tgz#f82aeb4bdd7ae51f653eb20f6728b3058c8d6445"
  dependencies:
    editions "^1.1.1"
    graceful-fs "^4.1.4"

typechecker@^4.3.0:
  version "4.5.0"
  resolved "https://registry.yarnpkg.com/typechecker/-/typechecker-4.5.0.tgz#c382920097812364bbaf4595b0ab6588244117a6"
  dependencies:
    editions "^1.3.4"
